
Microsoft Visual Studio Solution File, Format Version 12.00
# Visual Studio 15
VisualStudioVersion = 15.0.27004.2006
MinimumVisualStudioVersion = 10.0.40219.1
Project("{FAE04EC0-301F-11D3-BF4B-00C04F79EFBC}") = "PlayListMaker", "PlayListMaker\PlayListMaker.csproj", "{F1D151D4-FE26-43CF-9FDD-5A8FE8810184}"
EndProject
Global
	GlobalSection(SolutionConfigurationPlatforms) = preSolution
		Debug|Any CPU = Debug|Any CPU
		Release|Any CPU = Release|Any CPU
	EndGlobalSection
	GlobalSection(ProjectConfigurationPlatforms) = postSolution
		{F1D151D4-FE26-43CF-9FDD-5A8FE8810184}.Debug|Any CPU.ActiveCfg = Debug|Any CPU
		{F1D151D4-FE26-43CF-9FDD-5A8FE8810184}.Debug|Any CPU.Build.0 = Debug|Any CPU
		{F1D151D4-FE26-43CF-9FDD-5A8FE8810184}.Release|Any CPU.ActiveCfg = Release|Any CPU
		{F1D151D4-FE26-43CF-9FDD-5A8FE8810184}.Release|Any CPU.Build.0 = Release|Any CPU
	EndGlobalSection
	GlobalSection(SolutionProperties) = preSolution
		HideSolutionNode = FALSE
	EndGlobalSection
	GlobalSection(ExtensibilityGlobals) = postSolution
		SolutionGuid = {1C0FCDEF-C217-49B2-834E-2D7CA96123C9}
	EndGlobalSection
EndGlobal
